
Microsoft Visual Studio Solution File, Format Version 12.00
Project("{FAE04EC0-301F-11D3-BF4B-00C04F79EFBC}") = "server", "server\server.csproj", "{77886858-5C6C-4BB3-BBC4-95449693123A}"
EndProject
Project("{FAE04EC0-301F-11D3-BF4B-00C04F79EFBC}") = "client", "client\client.csproj", "{B1F41B66-32FF-4FA3-B31A-65BF4B7422D4}"
EndProject
Global
	GlobalSection(SolutionConfigurationPlatforms) = preSolution
		Debug|Any CPU = Debug|Any CPU
		Release|Any CPU = Release|Any CPU
	EndGlobalSection
	GlobalSection(ProjectConfigurationPlatforms) = postSolution
		{77886858-5C6C-4BB3-BBC4-95449693123A}.Debug|Any CPU.ActiveCfg = Debug|Any CPU
		{77886858-5C6C-4BB3-BBC4-95449693123A}.Debug|Any CPU.Build.0 = Debug|Any CPU
		{77886858-5C6C-4BB3-BBC4-95449693123A}.Release|Any CPU.ActiveCfg = Release|Any CPU
		{77886858-5C6C-4BB3-BBC4-95449693123A}.Release|Any CPU.Build.0 = Release|Any CPU
		{B1F41B66-32FF-4FA3-B31A-65BF4B7422D4}.Debug|Any CPU.ActiveCfg = Debug|Any CPU
		{B1F41B66-32FF-4FA3-B31A-65BF4B7422D4}.Debug|Any CPU.Build.0 = Debug|Any CPU
		{B1F41B66-32FF-4FA3-B31A-65BF4B7422D4}.Release|Any CPU.ActiveCfg = Release|Any CPU
		{B1F41B66-32FF-4FA3-B31A-65BF4B7422D4}.Release|Any CPU.Build.0 = Release|Any CPU
	EndGlobalSection
EndGlobal
